
Microsoft Visual Studio Solution File, Format Version 12.00
# Visual Studio Version 16
VisualStudioVersion = 16.0.31613.86
MinimumVisualStudioVersion = 10.0.40219.1
Project("{9A19103F-16F7-4668-BE54-9A1E7A4F7556}") = "Agenda", "Agenda\Agenda.csproj", "{48A59199-98AB-45F8-845D-F2F9EC5BA335}"
EndProject
Global
	GlobalSection(SolutionConfigurationPlatforms) = preSolution
		Debug|Any CPU = Debug|Any CPU
		Release|Any CPU = Release|Any CPU
	EndGlobalSection
	GlobalSection(ProjectConfigurationPlatforms) = postSolution
		{48A59199-98AB-45F8-845D-F2F9EC5BA335}.Debug|Any CPU.ActiveCfg = Debug|Any CPU
		{48A59199-98AB-45F8-845D-F2F9EC5BA335}.Debug|Any CPU.Build.0 = Debug|Any CPU
		{48A59199-98AB-45F8-845D-F2F9EC5BA335}.Release|Any CPU.ActiveCfg = Release|Any CPU
		{48A59199-98AB-45F8-845D-F2F9EC5BA335}.Release|Any CPU.Build.0 = Release|Any CPU
	EndGlobalSection
	GlobalSection(SolutionProperties) = preSolution
		HideSolutionNode = FALSE
	EndGlobalSection
	GlobalSection(ExtensibilityGlobals) = postSolution
		SolutionGuid = {4DB952E7-FCFE-4FEA-84CF-6D5690C51EC6}
	EndGlobalSection
EndGlobal
